{
  "originHash" : "b3d8e55778c7100acf87a6b08a69f4dba8d9f9ac8783342c04bd1d216b82abf9",
  "pins" : [
    {
      "identity" : "droppykit",
      "kind" : "remoteSourceControl",
      "location" : "https://gitlab.com/droppyformac1/droppykit.git",
      "state" : {
        "revision" : "baa7039837c82e60b8ce090dc60273e3eac5199f",
        "version" : "1.4.1"
      }
    }
  ],
  "version" : 3
}
