{
  "originHash" : "3178b30b866a01c3c96ee333a39f2fdecdd42cc485dc8d7f4b4d567adf8a734c",
  "pins" : [
    {
      "identity" : "droppykit",
      "kind" : "remoteSourceControl",
      "location" : "https://gitlab.com/droppyformac1/droppykit.git",
      "state" : {
        "revision" : "a050dd64881be7456ead1cdeea4a9fbea20c5ff0",
        "version" : "1.2.0"
      }
    }
  ],
  "version" : 3
}
